
Microsoft Visual Studio Solution File, Format Version 12.00
# Visual Studio Version 16
VisualStudioVersion = 25.0.1706.7
MinimumVisualStudioVersion = 10.0.40219.1
Project("{FAE04EC0-301F-11D3-BF4B-00C04F79EFBC}") = "strikkeapp", "strikkeapp\strikkeapp.csproj", "{22B481FD-EA05-4682-A3CA-B04050037FAD}"
EndProject
Global
	GlobalSection(SolutionConfigurationPlatforms) = preSolution
		Debug|Any CPU = Debug|Any CPU
		Release|Any CPU = Release|Any CPU
	EndGlobalSection
	GlobalSection(ProjectConfigurationPlatforms) = postSolution
		{22B481FD-EA05-4682-A3CA-B04050037FAD}.Debug|Any CPU.ActiveCfg = Debug|Any CPU
		{22B481FD-EA05-4682-A3CA-B04050037FAD}.Debug|Any CPU.Build.0 = Debug|Any CPU
		{22B481FD-EA05-4682-A3CA-B04050037FAD}.Release|Any CPU.ActiveCfg = Release|Any CPU
		{22B481FD-EA05-4682-A3CA-B04050037FAD}.Release|Any CPU.Build.0 = Release|Any CPU
	EndGlobalSection
	GlobalSection(SolutionProperties) = preSolution
		HideSolutionNode = FALSE
	EndGlobalSection
	GlobalSection(ExtensibilityGlobals) = postSolution
		SolutionGuid = {8661BFF8-2D6A-4064-9240-230FC6FB8F7F}
	EndGlobalSection
EndGlobal
